
Microsoft Visual Studio Solution File, Format Version 12.00
# Visual Studio 15
VisualStudioVersion = 15.0.28307.421
MinimumVisualStudioVersion = 10.0.40219.1
Project("{FAE04EC0-301F-11D3-BF4B-00C04F79EFBC}") = "Buf", "Buf\Buf.csproj", "{D4AD76EF-6D95-4597-9B33-20F81D0310FE}"
EndProject
Project("{FAE04EC0-301F-11D3-BF4B-00C04F79EFBC}") = "ClientMaroto", "ClientMaroto\ClientMaroto.csproj", "{FDEF34D8-8D1E-4D4F-A8DE-B21A4F265E07}"
EndProject
Global
	GlobalSection(SolutionConfigurationPlatforms) = preSolution
		Debug|Any CPU = Debug|Any CPU
		Release|Any CPU = Release|Any CPU
	EndGlobalSection
	GlobalSection(ProjectConfigurationPlatforms) = postSolution
		{D4AD76EF-6D95-4597-9B33-20F81D0310FE}.Debug|Any CPU.ActiveCfg = Debug|Any CPU
		{D4AD76EF-6D95-4597-9B33-20F81D0310FE}.Debug|Any CPU.Build.0 = Debug|Any CPU
		{D4AD76EF-6D95-4597-9B33-20F81D0310FE}.Release|Any CPU.ActiveCfg = Release|Any CPU
		{D4AD76EF-6D95-4597-9B33-20F81D0310FE}.Release|Any CPU.Build.0 = Release|Any CPU
		{FDEF34D8-8D1E-4D4F-A8DE-B21A4F265E07}.Debug|Any CPU.ActiveCfg = Debug|Any CPU
		{FDEF34D8-8D1E-4D4F-A8DE-B21A4F265E07}.Debug|Any CPU.Build.0 = Debug|Any CPU
		{FDEF34D8-8D1E-4D4F-A8DE-B21A4F265E07}.Release|Any CPU.ActiveCfg = Release|Any CPU
		{FDEF34D8-8D1E-4D4F-A8DE-B21A4F265E07}.Release|Any CPU.Build.0 = Release|Any CPU
	EndGlobalSection
	GlobalSection(SolutionProperties) = preSolution
		HideSolutionNode = FALSE
	EndGlobalSection
	GlobalSection(ExtensibilityGlobals) = postSolution
		SolutionGuid = {626F3165-03E2-4ECD-8CD8-70599CF7FA1D}
	EndGlobalSection
EndGlobal
